<?xml version="1.0" encoding="utf-8"?>
<Project ToolsVersion="4.0" xmlns="http://schemas.microsoft.com/developer/msbuild/2003">
  <ItemGroup>
    <Filter Include="src">
      <UniqueIdentifier>{4FC737F1-C7A5-4376-A066-2A32D752A2FF}</UniqueIdentifier>
      <Extensions>cpp;c;cc;cxx;def;odl;idl;hpj;bat;asm;asmx</Extensions>
    </Filter>
  </ItemGroup>
  <ItemGroup>
    <ClInclude Include="src\Base.h">
      <Filter>src</Filter>
    </ClInclude>
    <ClInclude Include="src\Cpu.h">
      <Filter>src</Filter>
    </ClInclude>
    <ClInclude Include="src\FileStream.h">
      <Filter>src</Filter>
    </ClInclude>
    <ClInclude Include="src\OpCodeTable.h">
      <Filter>src</Filter>
    </ClInclude>
    <ClInclude Include="src\Rom.h">
      <Filter>src</Filter>
    </ClInclude>
    <ClInclude Include="src\System.h">
      <Filter>src</Filter>
    </ClInclude>
    <ClInclude Include="src\Renderer.h">
      <Filter>src</Filter>
    </ClInclude>
    <ClInclude Include="src\Ppu.h">
      <Filter>src</Filter>
    </ClInclude>
    <ClInclude Include="src\Memory.h">
      <Filter>src</Filter>
    </ClInclude>
    <ClInclude Include="src\Bitfield.h">
      <Filter>src</Filter>
    </ClInclude>
    <ClInclude Include="src\Nes.h">
      <Filter>src</Filter>
    </ClInclude>
    <ClInclude Include="src\Debugger.h">
      <Filter>src</Filter>
    </ClInclude>
    <ClInclude Include="src\Cartridge.h">
      <Filter>src</Filter>
    </ClInclude>
    <ClInclude Include="src\MemoryBus.h">
      <Filter>src</Filter>
    </ClInclude>
    <ClInclude Include="src\CpuInternalRam.h">
      <Filter>src</Filter>
    </ClInclude>
    <ClInclude Include="src\FrameTimer.h">
      <Filter>src</Filter>
    </ClInclude>
    <ClInclude Include="src\MemoryMap.h">
      <Filter>src</Filter>
    </ClInclude>
    <ClInclude Include="src\ControllerPorts.h">
      <Filter>src</Filter>
    </ClInclude>
    <ClInclude Include="src\Mapper.h">
      <Filter>src</Filter>
    </ClInclude>
    <ClInclude Include="src\Mapper0.h">
      <Filter>src</Filter>
    </ClInclude>
    <ClInclude Include="src\Mapper1.h">
      <Filter>src</Filter>
    </ClInclude>
    <ClInclude Include="src\Mapper2.h">
      <Filter>src</Filter>
    </ClInclude>
    <ClInclude Include="src\Input.h">
      <Filter>src</Filter>
    </ClInclude>
    <ClInclude Include="src\IO.h">
      <Filter>src</Filter>
    </ClInclude>
    <ClInclude Include="src\Mapper4.h">
      <Filter>src</Filter>
    </ClInclude>
    <ClInclude Include="src\Mapper3.h">
      <Filter>src</Filter>
    </ClInclude>
    <ClInclude Include="src\Mapper7.h">
      <Filter>src</Filter>
    </ClInclude>
  </ItemGroup>
  <ItemGroup>
    <ClCompile Include="src\Cpu.cpp">
      <Filter>src</Filter>
    </ClCompile>
    <ClCompile Include="src\main.cpp">
      <Filter>src</Filter>
    </ClCompile>
    <ClCompile Include="src\System.cpp">
      <Filter>src</Filter>
    </ClCompile>
    <ClCompile Include="src\Renderer.cpp">
      <Filter>src</Filter>
    </ClCompile>
    <ClCompile Include="src\Ppu.cpp">
      <Filter>src</Filter>
    </ClCompile>
    <ClCompile Include="src\Nes.cpp">
      <Filter>src</Filter>
    </ClCompile>
    <ClCompile Include="src\Debugger.cpp">
      <Filter>src</Filter>
    </ClCompile>
    <ClCompile Include="src\OpCodeTable.cpp">
      <Filter>src</Filter>
    </ClCompile>
    <ClCompile Include="src\FileStream.cpp">
      <Filter>src</Filter>
    </ClCompile>
    <ClCompile Include="src\Cartridge.cpp">
      <Filter>src</Filter>
    </ClCompile>
    <ClCompile Include="src\MemoryBus.cpp">
      <Filter>src</Filter>
    </ClCompile>
    <ClCompile Include="src\ControllerPorts.cpp">
      <Filter>src</Filter>
    </ClCompile>
    <ClCompile Include="src\Mapper1.cpp">
      <Filter>src</Filter>
    </ClCompile>
    <ClCompile Include="src\Input.cpp">
      <Filter>src</Filter>
    </ClCompile>
    <ClCompile Include="src\Mapper4.cpp">
      <Filter>src</Filter>
    </ClCompile>
  </ItemGroup>
</Project>